
Microsoft Visual Studio Solution File, Format Version 12.00
# Visual Studio Version 17
VisualStudioVersion = 17.2.32616.157
MinimumVisualStudioVersion = 10.0.40219.1
Project("{FAE04EC0-301F-11D3-BF4B-00C04F79EFBC}") = "lommeregner", "lommeregner\lommeregner.csproj", "{0A01A4B3-3D74-4381-8CC1-1290F91D756D}"
EndProject
Global
	GlobalSection(SolutionConfigurationPlatforms) = preSolution
		Debug|Any CPU = Debug|Any CPU
		Release|Any CPU = Release|Any CPU
	EndGlobalSection
	GlobalSection(ProjectConfigurationPlatforms) = postSolution
		{0A01A4B3-3D74-4381-8CC1-1290F91D756D}.Debug|Any CPU.ActiveCfg = Debug|Any CPU
		{0A01A4B3-3D74-4381-8CC1-1290F91D756D}.Debug|Any CPU.Build.0 = Debug|Any CPU
		{0A01A4B3-3D74-4381-8CC1-1290F91D756D}.Release|Any CPU.ActiveCfg = Release|Any CPU
		{0A01A4B3-3D74-4381-8CC1-1290F91D756D}.Release|Any CPU.Build.0 = Release|Any CPU
	EndGlobalSection
	GlobalSection(SolutionProperties) = preSolution
		HideSolutionNode = FALSE
	EndGlobalSection
	GlobalSection(ExtensibilityGlobals) = postSolution
		SolutionGuid = {14B1EA47-0B7D-4A9D-92DB-8CBC9D225FE6}
	EndGlobalSection
EndGlobal
